
Microsoft Visual Studio Solution File, Format Version 12.00
# Visual Studio Version 16
VisualStudioVersion = 16.0.28803.452
MinimumVisualStudioVersion = 10.0.40219.1
Project("{8BC9CEB8-8B4A-11D0-8D11-00A0C91BC942}") = "PBInfo", "PBInfo.vcxproj", "{0AA34B5C-7EA8-45B6-B338-B0A2592196BC}"
EndProject
Project("{8BC9CEB8-8B4A-11D0-8D11-00A0C91BC942}") = "NrMaxim", "..\NrMaxim\NrMaxim.vcxproj", "{43593A89-A3D3-4D42-8D20-D604A34360FF}"
EndProject
Project("{8BC9CEB8-8B4A-11D0-8D11-00A0C91BC942}") = "CelMaiMareNr", "..\CelMaiMareNr\CelMaiMareNr.vcxproj", "{109636AE-D57B-4476-A658-A19CC5589AD9}"
EndProject
Project("{8BC9CEB8-8B4A-11D0-8D11-00A0C91BC942}") = "CelMaiMicNr", "..\CelMaiMicNr\CelMaiMicNr.vcxproj", "{6FCD2FE7-FAF8-42AC-9083-3473921B8642}"
EndProject
Project("{8BC9CEB8-8B4A-11D0-8D11-00A0C91BC942}") = "Concat", "..\Concat\Concat.vcxproj", "{EDFA7C43-C016-460E-A191-EE41A97C8D57}"
EndProject
Global
	GlobalSection(SolutionConfigurationPlatforms) = preSolution
		Debug|x64 = Debug|x64
		Debug|x86 = Debug|x86
		Release|x64 = Release|x64
		Release|x86 = Release|x86
	EndGlobalSection
	GlobalSection(ProjectConfigurationPlatforms) = postSolution
		{0AA34B5C-7EA8-45B6-B338-B0A2592196BC}.Debug|x64.ActiveCfg = Debug|x64
		{0AA34B5C-7EA8-45B6-B338-B0A2592196BC}.Debug|x64.Build.0 = Debug|x64
		{0AA34B5C-7EA8-45B6-B338-B0A2592196BC}.Debug|x86.ActiveCfg = Debug|Win32
		{0AA34B5C-7EA8-45B6-B338-B0A2592196BC}.Debug|x86.Build.0 = Debug|Win32
		{0AA34B5C-7EA8-45B6-B338-B0A2592196BC}.Release|x64.ActiveCfg = Release|x64
		{0AA34B5C-7EA8-45B6-B338-B0A2592196BC}.Release|x64.Build.0 = Release|x64
		{0AA34B5C-7EA8-45B6-B338-B0A2592196BC}.Release|x86.ActiveCfg = Release|Win32
		{0AA34B5C-7EA8-45B6-B338-B0A2592196BC}.Release|x86.Build.0 = Release|Win32
		{43593A89-A3D3-4D42-8D20-D604A34360FF}.Debug|x64.ActiveCfg = Debug|x64
		{43593A89-A3D3-4D42-8D20-D604A34360FF}.Debug|x64.Build.0 = Debug|x64
		{43593A89-A3D3-4D42-8D20-D604A34360FF}.Debug|x86.ActiveCfg = Debug|Win32
		{43593A89-A3D3-4D42-8D20-D604A34360FF}.Debug|x86.Build.0 = Debug|Win32
		{43593A89-A3D3-4D42-8D20-D604A34360FF}.Release|x64.ActiveCfg = Release|x64
		{43593A89-A3D3-4D42-8D20-D604A34360FF}.Release|x64.Build.0 = Release|x64
		{43593A89-A3D3-4D42-8D20-D604A34360FF}.Release|x86.ActiveCfg = Release|Win32
		{43593A89-A3D3-4D42-8D20-D604A34360FF}.Release|x86.Build.0 = Release|Win32
		{109636AE-D57B-4476-A658-A19CC5589AD9}.Debug|x64.ActiveCfg = Debug|x64
		{109636AE-D57B-4476-A658-A19CC5589AD9}.Debug|x64.Build.0 = Debug|x64
		{109636AE-D57B-4476-A658-A19CC5589AD9}.Debug|x86.ActiveCfg = Debug|Win32
		{109636AE-D57B-4476-A658-A19CC5589AD9}.Debug|x86.Build.0 = Debug|Win32
		{109636AE-D57B-4476-A658-A19CC5589AD9}.Release|x64.ActiveCfg = Release|x64
		{109636AE-D57B-4476-A658-A19CC5589AD9}.Release|x64.Build.0 = Release|x64
		{109636AE-D57B-4476-A658-A19CC5589AD9}.Release|x86.ActiveCfg = Release|Win32
		{109636AE-D57B-4476-A658-A19CC5589AD9}.Release|x86.Build.0 = Release|Win32
		{6FCD2FE7-FAF8-42AC-9083-3473921B8642}.Debug|x64.ActiveCfg = Debug|x64
		{6FCD2FE7-FAF8-42AC-9083-3473921B8642}.Debug|x64.Build.0 = Debug|x64
		{6FCD2FE7-FAF8-42AC-9083-3473921B8642}.Debug|x86.ActiveCfg = Debug|Win32
		{6FCD2FE7-FAF8-42AC-9083-3473921B8642}.Debug|x86.Build.0 = Debug|Win32
		{6FCD2FE7-FAF8-42AC-9083-3473921B8642}.Release|x64.ActiveCfg = Release|x64
		{6FCD2FE7-FAF8-42AC-9083-3473921B8642}.Release|x64.Build.0 = Release|x64
		{6FCD2FE7-FAF8-42AC-9083-3473921B8642}.Release|x86.ActiveCfg = Release|Win32
		{6FCD2FE7-FAF8-42AC-9083-3473921B8642}.Release|x86.Build.0 = Release|Win32
		{EDFA7C43-C016-460E-A191-EE41A97C8D57}.Debug|x64.ActiveCfg = Debug|x64
		{EDFA7C43-C016-460E-A191-EE41A97C8D57}.Debug|x64.Build.0 = Debug|x64
		{EDFA7C43-C016-460E-A191-EE41A97C8D57}.Debug|x86.ActiveCfg = Debug|Win32
		{EDFA7C43-C016-460E-A191-EE41A97C8D57}.Debug|x86.Build.0 = Debug|Win32
		{EDFA7C43-C016-460E-A191-EE41A97C8D57}.Release|x64.ActiveCfg = Release|x64
		{EDFA7C43-C016-460E-A191-EE41A97C8D57}.Release|x64.Build.0 = Release|x64
		{EDFA7C43-C016-460E-A191-EE41A97C8D57}.Release|x86.ActiveCfg = Release|Win32
		{EDFA7C43-C016-460E-A191-EE41A97C8D57}.Release|x86.Build.0 = Release|Win32
	EndGlobalSection
	GlobalSection(SolutionProperties) = preSolution
		HideSolutionNode = FALSE
	EndGlobalSection
	GlobalSection(ExtensibilityGlobals) = postSolution
		SolutionGuid = {5FC7E916-24C5-4862-BAD7-39AD263EC154}
	EndGlobalSection
EndGlobal
